<?xml version="1.0" encoding="utf-8"?>
<Project ToolsVersion="4.0" xmlns="http://schemas.microsoft.com/developer/msbuild/2003">
  <ItemGroup>
    <Filter Include="源文件">
      <UniqueIdentifier>{4FC737F1-C7A5-4376-A066-2A32D752A2FF}</UniqueIdentifier>
      <Extensions>cpp;c;cc;cxx;c++;cppm;ixx;def;odl;idl;hpj;bat;asm;asmx</Extensions>
    </Filter>
    <Filter Include="头文件">
      <UniqueIdentifier>{93995380-89BD-4b04-88EB-625FBE52EBFB}</UniqueIdentifier>
      <Extensions>h;hh;hpp;hxx;h++;hm;inl;inc;ipp;xsd</Extensions>
    </Filter>
    <Filter Include="资源文件">
      <UniqueIdentifier>{67DA6AB6-F800-4c08-8B7A-83BB121AAD01}</UniqueIdentifier>
      <Extensions>rc;ico;cur;bmp;dlg;rc2;rct;bin;rgs;gif;jpg;jpeg;jpe;resx;tiff;tif;png;wav;mfcribbon-ms</Extensions>
    </Filter>
    <Filter Include="头文件\List">
      <UniqueIdentifier>{18ce1d57-ea3b-4db8-8c46-4c8df489bfb9}</UniqueIdentifier>
    </Filter>
    <Filter Include="头文件\Allocator">
      <UniqueIdentifier>{944aab1c-268b-407d-98ff-4b620c9e5c24}</UniqueIdentifier>
    </Filter>
    <Filter Include="头文件\Stack">
      <UniqueIdentifier>{bebf2e7e-3785-4dce-b889-7d45edc57d92}</UniqueIdentifier>
    </Filter>
    <Filter Include="头文件\Queue">
      <UniqueIdentifier>{b4e684ea-667d-4167-a306-37f7db1991b1}</UniqueIdentifier>
    </Filter>
    <Filter Include="头文件\RBTREE">
      <UniqueIdentifier>{d5ff2ce6-a7a3-4b20-9906-a48bdf163869}</UniqueIdentifier>
    </Filter>
    <Filter Include="头文件\Deque">
      <UniqueIdentifier>{16cdcc4f-8479-4d0a-ac39-ac1f4177d8f9}</UniqueIdentifier>
    </Filter>
    <Filter Include="头文件\Trie_Tree">
      <UniqueIdentifier>{ef78d991-32c0-46d1-ae66-4771f72fc647}</UniqueIdentifier>
    </Filter>
    <Filter Include="头文件\String">
      <UniqueIdentifier>{e9005557-7675-4b9f-b8a9-317326fcea5a}</UniqueIdentifier>
    </Filter>
    <Filter Include="头文件\Vector">
      <UniqueIdentifier>{54f9fe78-0ade-4d40-a6ec-a81fd4cea67c}</UniqueIdentifier>
    </Filter>
    <Filter Include="头文件\TestCase">
      <UniqueIdentifier>{35bc1ec5-1cd3-45b2-8eaa-1885a7816090}</UniqueIdentifier>
    </Filter>
    <Filter Include="头文件\Iterator">
      <UniqueIdentifier>{a350b7d7-4ef3-491d-82ab-dc69f8b1a745}</UniqueIdentifier>
    </Filter>
    <Filter Include="头文件\Tools">
      <UniqueIdentifier>{3eeeeadb-6150-4c30-90c5-91b5fea67aba}</UniqueIdentifier>
    </Filter>
  </ItemGroup>
  <ItemGroup>
    <ClInclude Include="resource.h">
      <Filter>头文件</Filter>
    </ClInclude>
    <ClInclude Include="Alloc\Allocator.h">
      <Filter>头文件\Allocator</Filter>
    </ClInclude>
    <ClInclude Include="Alloc\Allocator.impl.h">
      <Filter>头文件\Allocator</Filter>
    </ClInclude>
    <ClInclude Include="Alloc\Construct.h">
      <Filter>头文件\Allocator</Filter>
    </ClInclude>
    <ClInclude Include="Alloc\Alloc.h">
      <Filter>头文件\Allocator</Filter>
    </ClInclude>
    <ClInclude Include="Deque\Deque.impl.h">
      <Filter>头文件\Deque</Filter>
    </ClInclude>
    <ClInclude Include="Deque\Deque.h">
      <Filter>头文件\Deque</Filter>
    </ClInclude>
    <ClInclude Include="List\List.h">
      <Filter>头文件\List</Filter>
    </ClInclude>
    <ClInclude Include="List\List.impl.h">
      <Filter>头文件\List</Filter>
    </ClInclude>
    <ClInclude Include="Queue\Priority_Queue.h">
      <Filter>头文件\Queue</Filter>
    </ClInclude>
    <ClInclude Include="Queue\Queue.h">
      <Filter>头文件\Queue</Filter>
    </ClInclude>
    <ClInclude Include="RBTree\RBTree.imp.h">
      <Filter>头文件\RBTREE</Filter>
    </ClInclude>
    <ClInclude Include="RBTree\RBTree.h">
      <Filter>头文件\RBTREE</Filter>
    </ClInclude>
    <ClInclude Include="Stack\stack.h">
      <Filter>头文件\Stack</Filter>
    </ClInclude>
    <ClInclude Include="TestCase\ListTest.h">
      <Filter>头文件\TestCase</Filter>
    </ClInclude>
    <ClInclude Include="TestCase\QueueTest.h">
      <Filter>头文件\TestCase</Filter>
    </ClInclude>
    <ClInclude Include="TestCase\StackTest.h">
      <Filter>头文件\TestCase</Filter>
    </ClInclude>
    <ClInclude Include="TestCase\TestUtil.h">
      <Filter>头文件\TestCase</Filter>
    </ClInclude>
    <ClInclude Include="TestCase\VectorTest.h">
      <Filter>头文件\TestCase</Filter>
    </ClInclude>
    <ClInclude Include="TestCase\DequeTest.h">
      <Filter>头文件\TestCase</Filter>
    </ClInclude>
    <ClInclude Include="TrieTree\Trie_Tree.h">
      <Filter>头文件\Trie_Tree</Filter>
    </ClInclude>
    <ClInclude Include="Vector\Vector.imp.h">
      <Filter>头文件\Vector</Filter>
    </ClInclude>
    <ClInclude Include="Vector\Vector.h">
      <Filter>头文件\Vector</Filter>
    </ClInclude>
    <ClInclude Include="Iterator\Iterator.h">
      <Filter>头文件\Iterator</Filter>
    </ClInclude>
    <ClInclude Include="Iterator\ReverseIterator.h">
      <Filter>头文件\Iterator</Filter>
    </ClInclude>
    <ClInclude Include="Tools\Algorithm.h">
      <Filter>头文件\Tools</Filter>
    </ClInclude>
    <ClInclude Include="Tools\TypeTraits.h">
      <Filter>头文件\Tools</Filter>
    </ClInclude>
    <ClInclude Include="Tools\Utlity.h">
      <Filter>头文件\Tools</Filter>
    </ClInclude>
    <ClInclude Include="TestCase\TestCase.h">
      <Filter>头文件\TestCase</Filter>
    </ClInclude>
    <ClInclude Include="String\String.h">
      <Filter>头文件\String</Filter>
    </ClInclude>
  </ItemGroup>
  <ItemGroup>
    <ClCompile Include="MAIN.cpp">
      <Filter>源文件</Filter>
    </ClCompile>
    <ClCompile Include="TrieTree\Trie_Tree.cpp">
      <Filter>头文件\Trie_Tree</Filter>
    </ClCompile>
    <ClCompile Include="String\String.cpp">
      <Filter>头文件\String</Filter>
    </ClCompile>
  </ItemGroup>
  <ItemGroup>
    <Text Include="CMakelists.txt">
      <Filter>源文件</Filter>
    </Text>
    <Text Include="String\CMakeLists.txt">
      <Filter>头文件\String</Filter>
    </Text>
    <Text Include="TrieTree\CMakeLists.txt">
      <Filter>头文件\Trie_Tree</Filter>
    </Text>
  </ItemGroup>
</Project>